
Microsoft Visual Studio Solution File, Format Version 10.00
# Visual Studio 2008
Project("{8BC9CEB8-8B4A-11D0-8D11-00A0C91BC942}") = "数列求和1", "数列求和1\数列求和1.vcproj", "{2461A0D1-B5A5-40D7-88F0-BFEE17A14830}"
EndProject
Global
	GlobalSection(SolutionConfigurationPlatforms) = preSolution
		Debug|Win32 = Debug|Win32
		Release|Win32 = Release|Win32
	EndGlobalSection
	GlobalSection(ProjectConfigurationPlatforms) = postSolution
		{2461A0D1-B5A5-40D7-88F0-BFEE17A14830}.Debug|Win32.ActiveCfg = Debug|Win32
		{2461A0D1-B5A5-40D7-88F0-BFEE17A14830}.Debug|Win32.Build.0 = Debug|Win32
		{2461A0D1-B5A5-40D7-88F0-BFEE17A14830}.Release|Win32.ActiveCfg = Release|Win32
		{2461A0D1-B5A5-40D7-88F0-BFEE17A14830}.Release|Win32.Build.0 = Release|Win32
	EndGlobalSection
	GlobalSection(SolutionProperties) = preSolution
		HideSolutionNode = FALSE
	EndGlobalSection
EndGlobal
