
Microsoft Visual Studio Solution File, Format Version 10.00
# Visual Studio 2008
Project("{8BC9CEB8-8B4A-11D0-8D11-00A0C91BC942}") = "任务四 线段类", "任务四 线段类\任务四 线段类.vcproj", "{D34459BE-A835-4108-B75E-7DF5A8BA25C2}"
EndProject
Global
	GlobalSection(SolutionConfigurationPlatforms) = preSolution
		Debug|Win32 = Debug|Win32
		Release|Win32 = Release|Win32
	EndGlobalSection
	GlobalSection(ProjectConfigurationPlatforms) = postSolution
		{D34459BE-A835-4108-B75E-7DF5A8BA25C2}.Debug|Win32.ActiveCfg = Debug|Win32
		{D34459BE-A835-4108-B75E-7DF5A8BA25C2}.Debug|Win32.Build.0 = Debug|Win32
		{D34459BE-A835-4108-B75E-7DF5A8BA25C2}.Release|Win32.ActiveCfg = Release|Win32
		{D34459BE-A835-4108-B75E-7DF5A8BA25C2}.Release|Win32.Build.0 = Release|Win32
	EndGlobalSection
	GlobalSection(SolutionProperties) = preSolution
		HideSolutionNode = FALSE
	EndGlobalSection
EndGlobal
