
Microsoft Visual Studio Solution File, Format Version 10.00
# Visual Studio 2008
Project("{8BC9CEB8-8B4A-11D0-8D11-00A0C91BC942}") = "字符串对称判断", "字符串对称判断\字符串对称判断.vcproj", "{102B2A30-712A-48B1-9FDC-18A6BBD4C6E9}"
EndProject
Global
	GlobalSection(SolutionConfigurationPlatforms) = preSolution
		Debug|Win32 = Debug|Win32
		Release|Win32 = Release|Win32
	EndGlobalSection
	GlobalSection(ProjectConfigurationPlatforms) = postSolution
		{102B2A30-712A-48B1-9FDC-18A6BBD4C6E9}.Debug|Win32.ActiveCfg = Debug|Win32
		{102B2A30-712A-48B1-9FDC-18A6BBD4C6E9}.Debug|Win32.Build.0 = Debug|Win32
		{102B2A30-712A-48B1-9FDC-18A6BBD4C6E9}.Release|Win32.ActiveCfg = Release|Win32
		{102B2A30-712A-48B1-9FDC-18A6BBD4C6E9}.Release|Win32.Build.0 = Release|Win32
	EndGlobalSection
	GlobalSection(SolutionProperties) = preSolution
		HideSolutionNode = FALSE
	EndGlobalSection
EndGlobal
