
Microsoft Visual Studio Solution File, Format Version 10.00
# Visual Studio 2008
Project("{8BC9CEB8-8B4A-11D0-8D11-00A0C91BC942}") = "任务二 单科成绩统计", "任务二 单科成绩统计\任务二 单科成绩统计.vcproj", "{CF5B1025-FA81-42ED-905F-44D9CF8362C2}"
EndProject
Global
	GlobalSection(SolutionConfigurationPlatforms) = preSolution
		Debug|Win32 = Debug|Win32
		Release|Win32 = Release|Win32
	EndGlobalSection
	GlobalSection(ProjectConfigurationPlatforms) = postSolution
		{CF5B1025-FA81-42ED-905F-44D9CF8362C2}.Debug|Win32.ActiveCfg = Debug|Win32
		{CF5B1025-FA81-42ED-905F-44D9CF8362C2}.Debug|Win32.Build.0 = Debug|Win32
		{CF5B1025-FA81-42ED-905F-44D9CF8362C2}.Release|Win32.ActiveCfg = Release|Win32
		{CF5B1025-FA81-42ED-905F-44D9CF8362C2}.Release|Win32.Build.0 = Release|Win32
	EndGlobalSection
	GlobalSection(SolutionProperties) = preSolution
		HideSolutionNode = FALSE
	EndGlobalSection
EndGlobal
