
Microsoft Visual Studio Solution File, Format Version 10.00
# Visual Studio 2008
Project("{8BC9CEB8-8B4A-11D0-8D11-00A0C91BC942}") = "任务三 动物类", "任务三 动物类\任务三 动物类.vcproj", "{F0C5CE29-9EDB-4C41-8F65-40B7D2893F4F}"
EndProject
Global
	GlobalSection(SolutionConfigurationPlatforms) = preSolution
		Debug|Win32 = Debug|Win32
		Release|Win32 = Release|Win32
	EndGlobalSection
	GlobalSection(ProjectConfigurationPlatforms) = postSolution
		{F0C5CE29-9EDB-4C41-8F65-40B7D2893F4F}.Debug|Win32.ActiveCfg = Debug|Win32
		{F0C5CE29-9EDB-4C41-8F65-40B7D2893F4F}.Debug|Win32.Build.0 = Debug|Win32
		{F0C5CE29-9EDB-4C41-8F65-40B7D2893F4F}.Release|Win32.ActiveCfg = Release|Win32
		{F0C5CE29-9EDB-4C41-8F65-40B7D2893F4F}.Release|Win32.Build.0 = Release|Win32
	EndGlobalSection
	GlobalSection(SolutionProperties) = preSolution
		HideSolutionNode = FALSE
	EndGlobalSection
EndGlobal
