
Microsoft Visual Studio Solution File, Format Version 10.00
# Visual Studio 2008
Project("{8BC9CEB8-8B4A-11D0-8D11-00A0C91BC942}") = "任务二 附加2", "任务二 附加2\任务二 附加2.vcproj", "{5AC345A7-8094-4937-A8E9-66B337139F9C}"
EndProject
Global
	GlobalSection(SolutionConfigurationPlatforms) = preSolution
		Debug|Win32 = Debug|Win32
		Release|Win32 = Release|Win32
	EndGlobalSection
	GlobalSection(ProjectConfigurationPlatforms) = postSolution
		{5AC345A7-8094-4937-A8E9-66B337139F9C}.Debug|Win32.ActiveCfg = Debug|Win32
		{5AC345A7-8094-4937-A8E9-66B337139F9C}.Debug|Win32.Build.0 = Debug|Win32
		{5AC345A7-8094-4937-A8E9-66B337139F9C}.Release|Win32.ActiveCfg = Release|Win32
		{5AC345A7-8094-4937-A8E9-66B337139F9C}.Release|Win32.Build.0 = Release|Win32
	EndGlobalSection
	GlobalSection(SolutionProperties) = preSolution
		HideSolutionNode = FALSE
	EndGlobalSection
EndGlobal
