
Microsoft Visual Studio Solution File, Format Version 10.00
# Visual Studio 2008
Project("{8BC9CEB8-8B4A-11D0-8D11-00A0C91BC942}") = "数字加密", "数字加密\数字加密.vcproj", "{BE19A1B1-5866-4B90-B637-42D2B0DEA4E9}"
EndProject
Global
	GlobalSection(SolutionConfigurationPlatforms) = preSolution
		Debug|Win32 = Debug|Win32
		Release|Win32 = Release|Win32
	EndGlobalSection
	GlobalSection(ProjectConfigurationPlatforms) = postSolution
		{BE19A1B1-5866-4B90-B637-42D2B0DEA4E9}.Debug|Win32.ActiveCfg = Debug|Win32
		{BE19A1B1-5866-4B90-B637-42D2B0DEA4E9}.Debug|Win32.Build.0 = Debug|Win32
		{BE19A1B1-5866-4B90-B637-42D2B0DEA4E9}.Release|Win32.ActiveCfg = Release|Win32
		{BE19A1B1-5866-4B90-B637-42D2B0DEA4E9}.Release|Win32.Build.0 = Release|Win32
	EndGlobalSection
	GlobalSection(SolutionProperties) = preSolution
		HideSolutionNode = FALSE
	EndGlobalSection
EndGlobal
