
Microsoft Visual Studio Solution File, Format Version 12.00
# Visual Studio 2013
VisualStudioVersion = 12.0.21005.1
MinimumVisualStudioVersion = 10.0.40219.1
Project("{FAE04EC0-301F-11D3-BF4B-00C04F79EFBC}") = "rjcs3", "实验一_客房预订\rjcs3.csproj", "{4123E460-F171-48FC-B535-EEFCA8163B3B}"
EndProject
Global
	GlobalSection(SolutionConfigurationPlatforms) = preSolution
		Debug|Any CPU = Debug|Any CPU
		Release|Any CPU = Release|Any CPU
	EndGlobalSection
	GlobalSection(ProjectConfigurationPlatforms) = postSolution
		{4123E460-F171-48FC-B535-EEFCA8163B3B}.Debug|Any CPU.ActiveCfg = Debug|Any CPU
		{4123E460-F171-48FC-B535-EEFCA8163B3B}.Debug|Any CPU.Build.0 = Debug|Any CPU
		{4123E460-F171-48FC-B535-EEFCA8163B3B}.Release|Any CPU.ActiveCfg = Release|Any CPU
		{4123E460-F171-48FC-B535-EEFCA8163B3B}.Release|Any CPU.Build.0 = Release|Any CPU
	EndGlobalSection
	GlobalSection(SolutionProperties) = preSolution
		HideSolutionNode = FALSE
	EndGlobalSection
EndGlobal
