
Microsoft Visual Studio Solution File, Format Version 10.00
# Visual Studio 2008
Project("{8BC9CEB8-8B4A-11D0-8D11-00A0C91BC942}") = "任务五 线段类", "任务五 线段类\任务五 线段类.vcproj", "{66AA3195-A300-4687-88C4-307F0440AF73}"
EndProject
Global
	GlobalSection(SolutionConfigurationPlatforms) = preSolution
		Debug|Win32 = Debug|Win32
		Release|Win32 = Release|Win32
	EndGlobalSection
	GlobalSection(ProjectConfigurationPlatforms) = postSolution
		{66AA3195-A300-4687-88C4-307F0440AF73}.Debug|Win32.ActiveCfg = Debug|Win32
		{66AA3195-A300-4687-88C4-307F0440AF73}.Debug|Win32.Build.0 = Debug|Win32
		{66AA3195-A300-4687-88C4-307F0440AF73}.Release|Win32.ActiveCfg = Release|Win32
		{66AA3195-A300-4687-88C4-307F0440AF73}.Release|Win32.Build.0 = Release|Win32
	EndGlobalSection
	GlobalSection(SolutionProperties) = preSolution
		HideSolutionNode = FALSE
	EndGlobalSection
EndGlobal
