
Microsoft Visual Studio Solution File, Format Version 10.00
# Visual Studio 2008
Project("{8BC9CEB8-8B4A-11D0-8D11-00A0C91BC942}") = "四则运算", "四则运算\四则运算.vcproj", "{FA5CCD60-DAA9-4A2E-95C7-8F5ED604298F}"
EndProject
Global
	GlobalSection(SolutionConfigurationPlatforms) = preSolution
		Debug|Win32 = Debug|Win32
		Release|Win32 = Release|Win32
	EndGlobalSection
	GlobalSection(ProjectConfigurationPlatforms) = postSolution
		{FA5CCD60-DAA9-4A2E-95C7-8F5ED604298F}.Debug|Win32.ActiveCfg = Debug|Win32
		{FA5CCD60-DAA9-4A2E-95C7-8F5ED604298F}.Debug|Win32.Build.0 = Debug|Win32
		{FA5CCD60-DAA9-4A2E-95C7-8F5ED604298F}.Release|Win32.ActiveCfg = Release|Win32
		{FA5CCD60-DAA9-4A2E-95C7-8F5ED604298F}.Release|Win32.Build.0 = Release|Win32
	EndGlobalSection
	GlobalSection(SolutionProperties) = preSolution
		HideSolutionNode = FALSE
	EndGlobalSection
EndGlobal
